{
  "name": "slack-bot",
  "version": "1.0.0",
  "lockfileVersion": 1,
  "requires": true,
  "dependencies": {
    "coffee-script": {
      "version": "1.9.3",
      "resolved": "https://registry.npmjs.org/coffee-script/-/coffee-script-1.9.3.tgz",
      "integrity": "sha1-WW5ug/z8tnxZZKtw1ES+/wrASsc="
    },
    "commander": {
      "version": "0.6.1",
      "resolved": "https://registry.npmjs.org/commander/-/commander-0.6.1.tgz",
      "integrity": "sha1-+mihT2qUXVTbvlDYzbMyDp47GgY="
    },
    "log": {
      "version": "1.4.0",
      "resolved": "https://registry.npmjs.org/log/-/log-1.4.0.tgz",
      "integrity": "sha1-S6HYkP3iSbAx3KA7w36q8yVlbxw="
    },
    "nan": {
      "version": "0.3.2",
      "resolved": "https://registry.npmjs.org/nan/-/nan-0.3.2.tgz",
      "integrity": "sha1-DfGTXKsVNpB17xYK0olBB6oU3C0="
    },
    "options": {
      "version": "0.0.6",
      "resolved": "https://registry.npmjs.org/options/-/options-0.0.6.tgz",
      "integrity": "sha1-7CLTEoBrtT5zF3Pnza788cZDEo8="
    },
    "slack-client": {
      "version": "1.4.1",
      "resolved": "https://registry.npmjs.org/slack-client/-/slack-client-1.4.1.tgz",
      "integrity": "sha1-tt5BfiTlzycBCO7RcwzC3ci8ZK8=",
      "requires": {
        "coffee-script": "1.9.3",
        "log": "1.4.0",
        "ws": "0.4.31"
      }
    },
    "tinycolor": {
      "version": "0.0.1",
      "resolved": "https://registry.npmjs.org/tinycolor/-/tinycolor-0.0.1.tgz",
      "integrity": "sha1-MgtaUtg6u1l42Bo+iH1K77FaYWQ="
    },
    "ws": {
      "version": "0.4.31",
      "resolved": "https://registry.npmjs.org/ws/-/ws-0.4.31.tgz",
      "integrity": "sha1-WkhJ56nM0e1aga60hHyf7fMSKSc=",
      "requires": {
        "commander": "0.6.1",
        "nan": "0.3.2",
        "options": "0.0.6",
        "tinycolor": "0.0.1"
      }
    }
  }
}
