{
  "name": "rs-coffee-example",
  "version": "0.0.0",
  "lockfileVersion": 1,
  "requires": true,
  "dependencies": {
    "rivescript-contrib-coffeescript": {
      "version": "0.0.1",
      "resolved": "https://registry.npmjs.org/rivescript-contrib-coffeescript/-/rivescript-contrib-coffeescript-0.0.1.tgz",
      "integrity": "sha1-V/N2NFRi6IRZ865TQdtMUFd5xfI=",
      "requires": {
        "coffee-script": "1.10.0"
      },
      "dependencies": {
        "coffee-script": {
          "version": "1.10.0",
          "resolved": "https://registry.npmjs.org/coffee-script/-/coffee-script-1.10.0.tgz",
          "integrity": "sha1-EpOLz5vhlI+gBvkuDEyegXBRCMA="
        }
      }
    }
  }
}
